// !$*UTF8*$!
{
	archiveVersion = 1;
	classes = {
	};
	objectVersion = 56;
	objects = {

/* Begin PBXBuildFile section */
		650175DF29401FF3009DCC10 /* Lab19EVCarApp.swift in Sources */ = {isa = PBXBuildFile; fileRef = 650175DE29401FF3009DCC10 /* Lab19EVCarApp.swift */; };
		650175E129401FF3009DCC10 /* ContentView.swift in Sources */ = {isa = PBXBuildFile; fileRef = 650175E029401FF3009DCC10 /* ContentView.swift */; };
		650175E329401FF4009DCC10 /* Assets.xcassets in Resources */ = {isa = PBXBuildFile; fileRef = 650175E229401FF4009DCC10 /* Assets.xcassets */; };
		650175E629401FF4009DCC10 /* Preview Assets.xcassets in Resources */ = {isa = PBXBuildFile; fileRef = 650175E529401FF4009DCC10 /* Preview Assets.xcassets */; };
		650175ED29402031009DCC10 /* GoogleService-Info.plist in Resources */ = {isa = PBXBuildFile; fileRef = 650175EC29402031009DCC10 /* GoogleService-Info.plist */; };
		650175F82940231E009DCC10 /* Car.swift in Sources */ = {isa = PBXBuildFile; fileRef = 650175F72940231E009DCC10 /* Car.swift */; };
		650175FA29402331009DCC10 /* CarStore.swift in Sources */ = {isa = PBXBuildFile; fileRef = 650175F929402331009DCC10 /* CarStore.swift */; };
		9581FEE1294027DB00A65AA7 /* FirebaseAuth in Frameworks */ = {isa = PBXBuildFile; productRef = 9581FEE0294027DB00A65AA7 /* FirebaseAuth */; };
		9581FEE3294027E400A65AA7 /* FirebaseDatabase in Frameworks */ = {isa = PBXBuildFile; productRef = 9581FEE2294027E400A65AA7 /* FirebaseDatabase */; };
		9581FEE5294027E400A65AA7 /* FirebaseDatabaseSwift in Frameworks */ = {isa = PBXBuildFile; productRef = 9581FEE4294027E400A65AA7 /* FirebaseDatabaseSwift */; };
		9581FEE92940280C00A65AA7 /* FirebaseFirestore in Frameworks */ = {isa = PBXBuildFile; productRef = 9581FEE82940280C00A65AA7 /* FirebaseFirestore */; };
		9581FEEB294028A000A65AA7 /* AddView.swift in Sources */ = {isa = PBXBuildFile; fileRef = 9581FEEA294028A000A65AA7 /* AddView.swift */; };
		9581FEED2940605800A65AA7 /* Dictionary+.swift in Sources */ = {isa = PBXBuildFile; fileRef = 9581FEEC2940605800A65AA7 /* Dictionary+.swift */; };
		9581FEEF2940680200A65AA7 /* DetailView.swift in Sources */ = {isa = PBXBuildFile; fileRef = 9581FEEE2940680200A65AA7 /* DetailView.swift */; };
		9581FEF129407D1F00A65AA7 /* LoginUI.swift in Sources */ = {isa = PBXBuildFile; fileRef = 9581FEF029407D1F00A65AA7 /* LoginUI.swift */; };
		9581FEF52940846D00A65AA7 /* AuthViewModel.swift in Sources */ = {isa = PBXBuildFile; fileRef = 9581FEF42940846D00A65AA7 /* AuthViewModel.swift */; };
		9581FEF72940848600A65AA7 /* AuthView.swift in Sources */ = {isa = PBXBuildFile; fileRef = 9581FEF62940848600A65AA7 /* AuthView.swift */; };
/* End PBXBuildFile section */

/* Begin PBXFileReference section */
		650175DB29401FF3009DCC10 /* Lab19EVCar.app */ = {isa = PBXFileReference; explicitFileType = wrapper.application; includeInIndex = 0; path = Lab19EVCar.app; sourceTree = BUILT_PRODUCTS_DIR; };
		650175DE29401FF3009DCC10 /* Lab19EVCarApp.swift */ = {isa = PBXFileReference; lastKnownFileType = sourcecode.swift; path = Lab19EVCarApp.swift; sourceTree = "<group>"; };
		650175E029401FF3009DCC10 /* ContentView.swift */ = {isa = PBXFileReference; lastKnownFileType = sourcecode.swift; path = ContentView.swift; sourceTree = "<group>"; };
		650175E229401FF4009DCC10 /* Assets.xcassets */ = {isa = PBXFileReference; lastKnownFileType = folder.assetcatalog; path = Assets.xcassets; sourceTree = "<group>"; };
		650175E529401FF4009DCC10 /* Preview Assets.xcassets */ = {isa = PBXFileReference; lastKnownFileType = folder.assetcatalog; path = "Preview Assets.xcassets"; sourceTree = "<group>"; };
		650175EC29402031009DCC10 /* GoogleService-Info.plist */ = {isa = PBXFileReference; fileEncoding = 4; lastKnownFileType = text.plist.xml; path = "GoogleService-Info.plist"; sourceTree = "<group>"; };
		650175F72940231E009DCC10 /* Car.swift */ = {isa = PBXFileReference; fileEncoding = 4; lastKnownFileType = sourcecode.swift; path = Car.swift; sourceTree = "<group>"; };
		650175F929402331009DCC10 /* CarStore.swift */ = {isa = PBXFileReference; fileEncoding = 4; lastKnownFileType = sourcecode.swift; path = CarStore.swift; sourceTree = "<group>"; };
		9581FEEA294028A000A65AA7 /* AddView.swift */ = {isa = PBXFileReference; lastKnownFileType = sourcecode.swift; path = AddView.swift; sourceTree = "<group>"; };
		9581FEEC2940605800A65AA7 /* Dictionary+.swift */ = {isa = PBXFileReference; lastKnownFileType = sourcecode.swift; path = "Dictionary+.swift"; sourceTree = "<group>"; };
		9581FEEE2940680200A65AA7 /* DetailView.swift */ = {isa = PBXFileReference; lastKnownFileType = sourcecode.swift; path = DetailView.swift; sourceTree = "<group>"; };
		9581FEF029407D1F00A65AA7 /* LoginUI.swift */ = {isa = PBXFileReference; lastKnownFileType = sourcecode.swift; path = LoginUI.swift; sourceTree = "<group>"; };
		9581FEF42940846D00A65AA7 /* AuthViewModel.swift */ = {isa = PBXFileReference; lastKnownFileType = sourcecode.swift; path = AuthViewModel.swift; sourceTree = "<group>"; };
		9581FEF62940848600A65AA7 /* AuthView.swift */ = {isa = PBXFileReference; lastKnownFileType = sourcecode.swift; path = AuthView.swift; sourceTree = "<group>"; };
/* End PBXFileReference section */

/* Begin PBXFrameworksBuildPhase section */
		650175D829401FF3009DCC10 /* Frameworks */ = {
			isa = PBXFrameworksBuildPhase;
			buildActionMask = 2147483647;
			files = (
				9581FEE5294027E400A65AA7 /* FirebaseDatabaseSwift in Frameworks */,
				9581FEE3294027E400A65AA7 /* FirebaseDatabase in Frameworks */,
				9581FEE92940280C00A65AA7 /* FirebaseFirestore in Frameworks */,
				9581FEE1294027DB00A65AA7 /* FirebaseAuth in Frameworks */,
			);
			runOnlyForDeploymentPostprocessing = 0;
		};
/* End PBXFrameworksBuildPhase section */

/* Begin PBXGroup section */
		650175D229401FF3009DCC10 = {
			isa = PBXGroup;
			children = (
				650175DD29401FF3009DCC10 /* Lab19EVCar */,
				650175DC29401FF3009DCC10 /* Products */,
				9581FEDF294027DB00A65AA7 /* Frameworks */,
			);
			sourceTree = "<group>";
		};
		650175DC29401FF3009DCC10 /* Products */ = {
			isa = PBXGroup;
			children = (
				650175DB29401FF3009DCC10 /* Lab19EVCar.app */,
			);
			name = Products;
			sourceTree = "<group>";
		};
		650175DD29401FF3009DCC10 /* Lab19EVCar */ = {
			isa = PBXGroup;
			children = (
				650175DE29401FF3009DCC10 /* Lab19EVCarApp.swift */,
				650175E029401FF3009DCC10 /* ContentView.swift */,
				9581FEEA294028A000A65AA7 /* AddView.swift */,
				9581FEEE2940680200A65AA7 /* DetailView.swift */,
				9581FEF029407D1F00A65AA7 /* LoginUI.swift */,
				9581FEF42940846D00A65AA7 /* AuthViewModel.swift */,
				9581FEF62940848600A65AA7 /* AuthView.swift */,
				650175E229401FF4009DCC10 /* Assets.xcassets */,
				650175F72940231E009DCC10 /* Car.swift */,
				650175F929402331009DCC10 /* CarStore.swift */,
				9581FEEC2940605800A65AA7 /* Dictionary+.swift */,
				650175E429401FF4009DCC10 /* Preview Content */,
			);
			path = Lab19EVCar;
			sourceTree = "<group>";
		};
		650175E429401FF4009DCC10 /* Preview Content */ = {
			isa = PBXGroup;
			children = (
				650175EC29402031009DCC10 /* GoogleService-Info.plist */,
				650175E529401FF4009DCC10 /* Preview Assets.xcassets */,
			);
			path = "Preview Content";
			sourceTree = "<group>";
		};
		9581FEDF294027DB00A65AA7 /* Frameworks */ = {
			isa = PBXGroup;
			children = (
			);
			name = Frameworks;
			sourceTree = "<group>";
		};
/* End PBXGroup section */

/* Begin PBXNativeTarget section */
		650175DA29401FF3009DCC10 /* Lab19EVCar */ = {
			isa = PBXNativeTarget;
			buildConfigurationList = 650175E929401FF4009DCC10 /* Build configuration list for PBXNativeTarget "Lab19EVCar" */;
			buildPhases = (
				650175D729401FF3009DCC10 /* Sources */,
				650175D829401FF3009DCC10 /* Frameworks */,
				650175D929401FF3009DCC10 /* Resources */,
			);
			buildRules = (
			);
			dependencies = (
			);
			name = Lab19EVCar;
			packageProductDependencies = (
				9581FEE0294027DB00A65AA7 /* FirebaseAuth */,
				9581FEE2294027E400A65AA7 /* FirebaseDatabase */,
				9581FEE4294027E400A65AA7 /* FirebaseDatabaseSwift */,
				9581FEE82940280C00A65AA7 /* FirebaseFirestore */,
			);
			productName = Lab19EVCar;
			productReference = 650175DB29401FF3009DCC10 /* Lab19EVCar.app */;
			productType = "com.apple.product-type.application";
		};
/* End PBXNativeTarget section */

/* Begin PBXProject section */
		650175D329401FF3009DCC10 /* Project object */ = {
			isa = PBXProject;
			attributes = {
				BuildIndependentTargetsInParallel = 1;
				LastSwiftUpdateCheck = 1410;
				LastUpgradeCheck = 1410;
				TargetAttributes = {
					650175DA29401FF3009DCC10 = {
						CreatedOnToolsVersion = 14.1;
					};
				};
			};
			buildConfigurationList = 650175D629401FF3009DCC10 /* Build configuration list for PBXProject "Lab19EVCar" */;
			compatibilityVersion = "Xcode 14.0";
			developmentRegion = en;
			hasScannedForEncodings = 0;
			knownRegions = (
				en,
				Base,
			);
			mainGroup = 650175D229401FF3009DCC10;
			packageReferences = (
				650175EE29402099009DCC10 /* XCRemoteSwiftPackageReference "firebase-ios-sdk" */,
			);
			productRefGroup = 650175DC29401FF3009DCC10 /* Products */;
			projectDirPath = "";
			projectRoot = "";
			targets = (
				650175DA29401FF3009DCC10 /* Lab19EVCar */,
			);
		};
/* End PBXProject section */

/* Begin PBXResourcesBuildPhase section */
		650175D929401FF3009DCC10 /* Resources */ = {
			isa = PBXResourcesBuildPhase;
			buildActionMask = 2147483647;
			files = (
				650175E629401FF4009DCC10 /* Preview Assets.xcassets in Resources */,
				650175E329401FF4009DCC10 /* Assets.xcassets in Resources */,
				650175ED29402031009DCC10 /* GoogleService-Info.plist in Resources */,
			);
			runOnlyForDeploymentPostprocessing = 0;
		};
/* End PBXResourcesBuildPhase section */

/* Begin PBXSourcesBuildPhase section */
		650175D729401FF3009DCC10 /* Sources */ = {
			isa = PBXSourcesBuildPhase;
			buildActionMask = 2147483647;
			files = (
				650175FA29402331009DCC10 /* CarStore.swift in Sources */,
				650175E129401FF3009DCC10 /* ContentView.swift in Sources */,
				9581FEEB294028A000A65AA7 /* AddView.swift in Sources */,
				9581FEEF2940680200A65AA7 /* DetailView.swift in Sources */,
				650175DF29401FF3009DCC10 /* Lab19EVCarApp.swift in Sources */,
				650175F82940231E009DCC10 /* Car.swift in Sources */,
				9581FEF72940848600A65AA7 /* AuthView.swift in Sources */,
				9581FEED2940605800A65AA7 /* Dictionary+.swift in Sources */,
				9581FEF129407D1F00A65AA7 /* LoginUI.swift in Sources */,
				9581FEF52940846D00A65AA7 /* AuthViewModel.swift in Sources */,
			);
			runOnlyForDeploymentPostprocessing = 0;
		};
/* End PBXSourcesBuildPhase section */

/* Begin XCBuildConfiguration section */
		650175E729401FF4009DCC10 /* Debug */ = {
			isa = XCBuildConfiguration;
			buildSettings = {
				ALWAYS_SEARCH_USER_PATHS = NO;
				CLANG_ANALYZER_NONNULL = YES;
				CLANG_ANALYZER_NUMBER_OBJECT_CONVERSION = YES_AGGRESSIVE;
				CLANG_CXX_LANGUAGE_STANDARD = "gnu++20";
				CLANG_ENABLE_MODULES = YES;
				CLANG_ENABLE_OBJC_ARC = YES;
				CLANG_ENABLE_OBJC_WEAK = YES;
				CLANG_WARN_BLOCK_CAPTURE_AUTORELEASING = YES;
				CLANG_WARN_BOOL_CONVERSION = YES;
				CLANG_WARN_COMMA = YES;
				CLANG_WARN_CONSTANT_CONVERSION = YES;
				CLANG_WARN_DEPRECATED_OBJC_IMPLEMENTATIONS = YES;
				CLANG_WARN_DIRECT_OBJC_ISA_USAGE = YES_ERROR;
				CLANG_WARN_DOCUMENTATION_COMMENTS = YES;
				CLANG_WARN_EMPTY_BODY = YES;
				CLANG_WARN_ENUM_CONVERSION = YES;
				CLANG_WARN_INFINITE_RECURSION = YES;
				CLANG_WARN_INT_CONVERSION = YES;
				CLANG_WARN_NON_LITERAL_NULL_CONVERSION = YES;
				CLANG_WARN_OBJC_IMPLICIT_RETAIN_SELF = YES;
				CLANG_WARN_OBJC_LITERAL_CONVERSION = YES;
				CLANG_WARN_OBJC_ROOT_CLASS = YES_ERROR;
				CLANG_WARN_QUOTED_INCLUDE_IN_FRAMEWORK_HEADER = YES;
				CLANG_WARN_RANGE_LOOP_ANALYSIS = YES;
				CLANG_WARN_STRICT_PROTOTYPES = YES;
				CLANG_WARN_SUSPICIOUS_MOVE = YES;
				CLANG_WARN_UNGUARDED_AVAILABILITY = YES_AGGRESSIVE;
				CLANG_WARN_UNREACHABLE_CODE = YES;
				CLANG_WARN__DUPLICATE_METHOD_MATCH = YES;
				COPY_PHASE_STRIP = NO;
				DEBUG_INFORMATION_FORMAT = dwarf;
				ENABLE_STRICT_OBJC_MSGSEND = YES;
				ENABLE_TESTABILITY = YES;
				GCC_C_LANGUAGE_STANDARD = gnu11;
				GCC_DYNAMIC_NO_PIC = NO;
				GCC_NO_COMMON_BLOCKS = YES;
				GCC_OPTIMIZATION_LEVEL = 0;
				GCC_PREPROCESSOR_DEFINITIONS = (
					"DEBUG=1",
					"$(inherited)",
				);
				GCC_WARN_64_TO_32_BIT_CONVERSION = YES;
				GCC_WARN_ABOUT_RETURN_TYPE = YES_ERROR;
				GCC_WARN_UNDECLARED_SELECTOR = YES;
				GCC_WARN_UNINITIALIZED_AUTOS = YES_AGGRESSIVE;
				GCC_WARN_UNUSED_FUNCTION = YES;
				GCC_WARN_UNUSED_VARIABLE = YES;
				IPHONEOS_DEPLOYMENT_TARGET = 16.1;
				MTL_ENABLE_DEBUG_INFO = INCLUDE_SOURCE;
				MTL_FAST_MATH = YES;
				ONLY_ACTIVE_ARCH = YES;
				SDKROOT = iphoneos;
				SWIFT_ACTIVE_COMPILATION_CONDITIONS = DEBUG;
				SWIFT_OPTIMIZATION_LEVEL = "-Onone";
			};
			name = Debug;
		};
		650175E829401FF4009DCC10 /* Release */ = {
			isa = XCBuildConfiguration;
			buildSettings = {
				ALWAYS_SEARCH_USER_PATHS = NO;
				CLANG_ANALYZER_NONNULL = YES;
				CLANG_ANALYZER_NUMBER_OBJECT_CONVERSION = YES_AGGRESSIVE;
				CLANG_CXX_LANGUAGE_STANDARD = "gnu++20";
				CLANG_ENABLE_MODULES = YES;
				CLANG_ENABLE_OBJC_ARC = YES;
				CLANG_ENABLE_OBJC_WEAK = YES;
				CLANG_WARN_BLOCK_CAPTURE_AUTORELEASING = YES;
				CLANG_WARN_BOOL_CONVERSION = YES;
				CLANG_WARN_COMMA = YES;
				CLANG_WARN_CONSTANT_CONVERSION = YES;
				CLANG_WARN_DEPRECATED_OBJC_IMPLEMENTATIONS = YES;
				CLANG_WARN_DIRECT_OBJC_ISA_USAGE = YES_ERROR;
				CLANG_WARN_DOCUMENTATION_COMMENTS = YES;
				CLANG_WARN_EMPTY_BODY = YES;
				CLANG_WARN_ENUM_CONVERSION = YES;
				CLANG_WARN_INFINITE_RECURSION = YES;
				CLANG_WARN_INT_CONVERSION = YES;
				CLANG_WARN_NON_LITERAL_NULL_CONVERSION = YES;
				CLANG_WARN_OBJC_IMPLICIT_RETAIN_SELF = YES;
				CLANG_WARN_OBJC_LITERAL_CONVERSION = YES;
				CLANG_WARN_OBJC_ROOT_CLASS = YES_ERROR;
				CLANG_WARN_QUOTED_INCLUDE_IN_FRAMEWORK_HEADER = YES;
				CLANG_WARN_RANGE_LOOP_ANALYSIS = YES;
				CLANG_WARN_STRICT_PROTOTYPES = YES;
				CLANG_WARN_SUSPICIOUS_MOVE = YES;
				CLANG_WARN_UNGUARDED_AVAILABILITY = YES_AGGRESSIVE;
				CLANG_WARN_UNREACHABLE_CODE = YES;
				CLANG_WARN__DUPLICATE_METHOD_MATCH = YES;
				COPY_PHASE_STRIP = NO;
				DEBUG_INFORMATION_FORMAT = "dwarf-with-dsym";
				ENABLE_NS_ASSERTIONS = NO;
				ENABLE_STRICT_OBJC_MSGSEND = YES;
				GCC_C_LANGUAGE_STANDARD = gnu11;
				GCC_NO_COMMON_BLOCKS = YES;
				GCC_WARN_64_TO_32_BIT_CONVERSION = YES;
				GCC_WARN_ABOUT_RETURN_TYPE = YES_ERROR;
				GCC_WARN_UNDECLARED_SELECTOR = YES;
				GCC_WARN_UNINITIALIZED_AUTOS = YES_AGGRESSIVE;
				GCC_WARN_UNUSED_FUNCTION = YES;
				GCC_WARN_UNUSED_VARIABLE = YES;
				IPHONEOS_DEPLOYMENT_TARGET = 16.1;
				MTL_ENABLE_DEBUG_INFO = NO;
				MTL_FAST_MATH = YES;
				SDKROOT = iphoneos;
				SWIFT_COMPILATION_MODE = wholemodule;
				SWIFT_OPTIMIZATION_LEVEL = "-O";
				VALIDATE_PRODUCT = YES;
			};
			name = Release;
		};
		650175EA29401FF4009DCC10 /* Debug */ = {
			isa = XCBuildConfiguration;
			buildSettings = {
				ASSETCATALOG_COMPILER_APPICON_NAME = AppIcon;
				ASSETCATALOG_COMPILER_GLOBAL_ACCENT_COLOR_NAME = AccentColor;
				CODE_SIGN_STYLE = Automatic;
				CURRENT_PROJECT_VERSION = 1;
				DEVELOPMENT_ASSET_PATHS = "\"Lab19EVCar/Preview Content\"";
				DEVELOPMENT_TEAM = PLJU724YCG;
				ENABLE_PREVIEWS = YES;
				GENERATE_INFOPLIST_FILE = YES;
				INFOPLIST_KEY_UIApplicationSceneManifest_Generation = YES;
				INFOPLIST_KEY_UIApplicationSupportsIndirectInputEvents = YES;
				INFOPLIST_KEY_UILaunchScreen_Generation = YES;
				INFOPLIST_KEY_UISupportedInterfaceOrientations_iPad = "UIInterfaceOrientationPortrait UIInterfaceOrientationPortraitUpsideDown UIInterfaceOrientationLandscapeLeft UIInterfaceOrientationLandscapeRight";
				INFOPLIST_KEY_UISupportedInterfaceOrientations_iPhone = "UIInterfaceOrientationPortrait UIInterfaceOrientationLandscapeLeft UIInterfaceOrientationLandscapeRight";
				IPHONEOS_DEPLOYMENT_TARGET = 16.0;
				LD_RUNPATH_SEARCH_PATHS = (
					"$(inherited)",
					"@executable_path/Frameworks",
				);
				MARKETING_VERSION = 1.0;
				PRODUCT_BUNDLE_IDENTIFIER = com.codelion.Lab19EVCar;
				PRODUCT_NAME = "$(TARGET_NAME)";
				SWIFT_EMIT_LOC_STRINGS = YES;
				SWIFT_VERSION = 5.0;
				TARGETED_DEVICE_FAMILY = "1,2";
			};
			name = Debug;
		};
		650175EB29401FF4009DCC10 /* Release */ = {
			isa = XCBuildConfiguration;
			buildSettings = {
				ASSETCATALOG_COMPILER_APPICON_NAME = AppIcon;
				ASSETCATALOG_COMPILER_GLOBAL_ACCENT_COLOR_NAME = AccentColor;
				CODE_SIGN_STYLE = Automatic;
				CURRENT_PROJECT_VERSION = 1;
				DEVELOPMENT_ASSET_PATHS = "\"Lab19EVCar/Preview Content\"";
				DEVELOPMENT_TEAM = PLJU724YCG;
				ENABLE_PREVIEWS = YES;
				GENERATE_INFOPLIST_FILE = YES;
				INFOPLIST_KEY_UIApplicationSceneManifest_Generation = YES;
				INFOPLIST_KEY_UIApplicationSupportsIndirectInputEvents = YES;
				INFOPLIST_KEY_UILaunchScreen_Generation = YES;
				INFOPLIST_KEY_UISupportedInterfaceOrientations_iPad = "UIInterfaceOrientationPortrait UIInterfaceOrientationPortraitUpsideDown UIInterfaceOrientationLandscapeLeft UIInterfaceOrientationLandscapeRight";
				INFOPLIST_KEY_UISupportedInterfaceOrientations_iPhone = "UIInterfaceOrientationPortrait UIInterfaceOrientationLandscapeLeft UIInterfaceOrientationLandscapeRight";
				IPHONEOS_DEPLOYMENT_TARGET = 16.0;
				LD_RUNPATH_SEARCH_PATHS = (
					"$(inherited)",
					"@executable_path/Frameworks",
				);
				MARKETING_VERSION = 1.0;
				PRODUCT_BUNDLE_IDENTIFIER = com.codelion.Lab19EVCar;
				PRODUCT_NAME = "$(TARGET_NAME)";
				SWIFT_EMIT_LOC_STRINGS = YES;
				SWIFT_VERSION = 5.0;
				TARGETED_DEVICE_FAMILY = "1,2";
			};
			name = Release;
		};
/* End XCBuildConfiguration section */

/* Begin XCConfigurationList section */
		650175D629401FF3009DCC10 /* Build configuration list for PBXProject "Lab19EVCar" */ = {
			isa = XCConfigurationList;
			buildConfigurations = (
				650175E729401FF4009DCC10 /* Debug */,
				650175E829401FF4009DCC10 /* Release */,
			);
			defaultConfigurationIsVisible = 0;
			defaultConfigurationName = Release;
		};
		650175E929401FF4009DCC10 /* Build configuration list for PBXNativeTarget "Lab19EVCar" */ = {
			isa = XCConfigurationList;
			buildConfigurations = (
				650175EA29401FF4009DCC10 /* Debug */,
				650175EB29401FF4009DCC10 /* Release */,
			);
			defaultConfigurationIsVisible = 0;
			defaultConfigurationName = Release;
		};
/* End XCConfigurationList section */

/* Begin XCRemoteSwiftPackageReference section */
		650175EE29402099009DCC10 /* XCRemoteSwiftPackageReference "firebase-ios-sdk" */ = {
			isa = XCRemoteSwiftPackageReference;
			repositoryURL = "https://github.com/firebase/firebase-ios-sdk";
			requirement = {
				branch = master;
				kind = branch;
			};
		};
/* End XCRemoteSwiftPackageReference section */

/* Begin XCSwiftPackageProductDependency section */
		9581FEE0294027DB00A65AA7 /* FirebaseAuth */ = {
			isa = XCSwiftPackageProductDependency;
			package = 650175EE29402099009DCC10 /* XCRemoteSwiftPackageReference "firebase-ios-sdk" */;
			productName = FirebaseAuth;
		};
		9581FEE2294027E400A65AA7 /* FirebaseDatabase */ = {
			isa = XCSwiftPackageProductDependency;
			package = 650175EE29402099009DCC10 /* XCRemoteSwiftPackageReference "firebase-ios-sdk" */;
			productName = FirebaseDatabase;
		};
		9581FEE4294027E400A65AA7 /* FirebaseDatabaseSwift */ = {
			isa = XCSwiftPackageProductDependency;
			package = 650175EE29402099009DCC10 /* XCRemoteSwiftPackageReference "firebase-ios-sdk" */;
			productName = FirebaseDatabaseSwift;
		};
		9581FEE82940280C00A65AA7 /* FirebaseFirestore */ = {
			isa = XCSwiftPackageProductDependency;
			package = 650175EE29402099009DCC10 /* XCRemoteSwiftPackageReference "firebase-ios-sdk" */;
			productName = FirebaseFirestore;
		};
/* End XCSwiftPackageProductDependency section */
	};
	rootObject = 650175D329401FF3009DCC10 /* Project object */;
}
