// !$*UTF8*$!
{
	archiveVersion = 1;
	classes = {
	};
	objectVersion = 56;
	objects = {

/* Begin PBXBuildFile section */
		A694B5942940E76100BE4352 /* PostitStore.swift in Sources */ = {isa = PBXBuildFile; fileRef = A694B5932940E76100BE4352 /* PostitStore.swift */; };
		A694B5962940E77100BE4352 /* Postit.swift in Sources */ = {isa = PBXBuildFile; fileRef = A694B5952940E77100BE4352 /* Postit.swift */; };
		A694B5982940FEC900BE4352 /* PostitAddingView.swift in Sources */ = {isa = PBXBuildFile; fileRef = A694B5972940FEC900BE4352 /* PostitAddingView.swift */; };
		A694B59A294116AA00BE4352 /* AuthView.swift in Sources */ = {isa = PBXBuildFile; fileRef = A694B599294116AA00BE4352 /* AuthView.swift */; };
		A694B59C2941175E00BE4352 /* AuthStore.swift in Sources */ = {isa = PBXBuildFile; fileRef = A694B59B2941175E00BE4352 /* AuthStore.swift */; };
		A6E6BD09293E3DAE005A33A6 /* HelloDemoApp.swift in Sources */ = {isa = PBXBuildFile; fileRef = A6E6BD08293E3DAE005A33A6 /* HelloDemoApp.swift */; };
		A6E6BD0B293E3DAE005A33A6 /* ContentView.swift in Sources */ = {isa = PBXBuildFile; fileRef = A6E6BD0A293E3DAE005A33A6 /* ContentView.swift */; };
		A6E6BD0D293E3DAF005A33A6 /* Assets.xcassets in Resources */ = {isa = PBXBuildFile; fileRef = A6E6BD0C293E3DAF005A33A6 /* Assets.xcassets */; };
		A6E6BD10293E3DAF005A33A6 /* Preview Assets.xcassets in Resources */ = {isa = PBXBuildFile; fileRef = A6E6BD0F293E3DAF005A33A6 /* Preview Assets.xcassets */; };
		A6E6BD1A293E3E40005A33A6 /* FirebaseAuth in Frameworks */ = {isa = PBXBuildFile; productRef = A6E6BD19293E3E40005A33A6 /* FirebaseAuth */; };
		A6E6BD1C293E3E40005A33A6 /* FirebaseDatabase in Frameworks */ = {isa = PBXBuildFile; productRef = A6E6BD1B293E3E40005A33A6 /* FirebaseDatabase */; };
		A6E6BD1E293E3E40005A33A6 /* FirebaseDatabaseSwift in Frameworks */ = {isa = PBXBuildFile; productRef = A6E6BD1D293E3E40005A33A6 /* FirebaseDatabaseSwift */; };
		A6E6BD20293E3E40005A33A6 /* FirebaseFirestore in Frameworks */ = {isa = PBXBuildFile; productRef = A6E6BD1F293E3E40005A33A6 /* FirebaseFirestore */; };
		A6E6BD26293E49C3005A33A6 /* GoogleService-Info.plist in Resources */ = {isa = PBXBuildFile; fileRef = A6E6BD25293E49C3005A33A6 /* GoogleService-Info.plist */; };
/* End PBXBuildFile section */

/* Begin PBXFileReference section */
		A694B5932940E76100BE4352 /* PostitStore.swift */ = {isa = PBXFileReference; lastKnownFileType = sourcecode.swift; path = PostitStore.swift; sourceTree = "<group>"; };
		A694B5952940E77100BE4352 /* Postit.swift */ = {isa = PBXFileReference; lastKnownFileType = sourcecode.swift; path = Postit.swift; sourceTree = "<group>"; };
		A694B5972940FEC900BE4352 /* PostitAddingView.swift */ = {isa = PBXFileReference; lastKnownFileType = sourcecode.swift; path = PostitAddingView.swift; sourceTree = "<group>"; };
		A694B599294116AA00BE4352 /* AuthView.swift */ = {isa = PBXFileReference; lastKnownFileType = sourcecode.swift; path = AuthView.swift; sourceTree = "<group>"; };
		A694B59B2941175E00BE4352 /* AuthStore.swift */ = {isa = PBXFileReference; lastKnownFileType = sourcecode.swift; path = AuthStore.swift; sourceTree = "<group>"; };
		A6E6BD05293E3DAE005A33A6 /* HelloDemo.app */ = {isa = PBXFileReference; explicitFileType = wrapper.application; includeInIndex = 0; path = HelloDemo.app; sourceTree = BUILT_PRODUCTS_DIR; };
		A6E6BD08293E3DAE005A33A6 /* HelloDemoApp.swift */ = {isa = PBXFileReference; lastKnownFileType = sourcecode.swift; path = HelloDemoApp.swift; sourceTree = "<group>"; };
		A6E6BD0A293E3DAE005A33A6 /* ContentView.swift */ = {isa = PBXFileReference; lastKnownFileType = sourcecode.swift; path = ContentView.swift; sourceTree = "<group>"; };
		A6E6BD0C293E3DAF005A33A6 /* Assets.xcassets */ = {isa = PBXFileReference; lastKnownFileType = folder.assetcatalog; path = Assets.xcassets; sourceTree = "<group>"; };
		A6E6BD0F293E3DAF005A33A6 /* Preview Assets.xcassets */ = {isa = PBXFileReference; lastKnownFileType = folder.assetcatalog; path = "Preview Assets.xcassets"; sourceTree = "<group>"; };
		A6E6BD25293E49C3005A33A6 /* GoogleService-Info.plist */ = {isa = PBXFileReference; fileEncoding = 4; lastKnownFileType = text.plist.xml; path = "GoogleService-Info.plist"; sourceTree = "<group>"; };
/* End PBXFileReference section */

/* Begin PBXFrameworksBuildPhase section */
		A6E6BD02293E3DAE005A33A6 /* Frameworks */ = {
			isa = PBXFrameworksBuildPhase;
			buildActionMask = 2147483647;
			files = (
				A6E6BD1E293E3E40005A33A6 /* FirebaseDatabaseSwift in Frameworks */,
				A6E6BD20293E3E40005A33A6 /* FirebaseFirestore in Frameworks */,
				A6E6BD1C293E3E40005A33A6 /* FirebaseDatabase in Frameworks */,
				A6E6BD1A293E3E40005A33A6 /* FirebaseAuth in Frameworks */,
			);
			runOnlyForDeploymentPostprocessing = 0;
		};
/* End PBXFrameworksBuildPhase section */

/* Begin PBXGroup section */
		A6E6BCFC293E3DAE005A33A6 = {
			isa = PBXGroup;
			children = (
				A6E6BD07293E3DAE005A33A6 /* HelloDemo */,
				A6E6BD06293E3DAE005A33A6 /* Products */,
			);
			sourceTree = "<group>";
		};
		A6E6BD06293E3DAE005A33A6 /* Products */ = {
			isa = PBXGroup;
			children = (
				A6E6BD05293E3DAE005A33A6 /* HelloDemo.app */,
			);
			name = Products;
			sourceTree = "<group>";
		};
		A6E6BD07293E3DAE005A33A6 /* HelloDemo */ = {
			isa = PBXGroup;
			children = (
				A6E6BD08293E3DAE005A33A6 /* HelloDemoApp.swift */,
				A6E6BD0A293E3DAE005A33A6 /* ContentView.swift */,
				A694B599294116AA00BE4352 /* AuthView.swift */,
				A694B5972940FEC900BE4352 /* PostitAddingView.swift */,
				A694B5932940E76100BE4352 /* PostitStore.swift */,
				A694B59B2941175E00BE4352 /* AuthStore.swift */,
				A694B5952940E77100BE4352 /* Postit.swift */,
				A6E6BD0C293E3DAF005A33A6 /* Assets.xcassets */,
				A6E6BD25293E49C3005A33A6 /* GoogleService-Info.plist */,
				A6E6BD0E293E3DAF005A33A6 /* Preview Content */,
			);
			path = HelloDemo;
			sourceTree = "<group>";
		};
		A6E6BD0E293E3DAF005A33A6 /* Preview Content */ = {
			isa = PBXGroup;
			children = (
				A6E6BD0F293E3DAF005A33A6 /* Preview Assets.xcassets */,
			);
			path = "Preview Content";
			sourceTree = "<group>";
		};
/* End PBXGroup section */

/* Begin PBXNativeTarget section */
		A6E6BD04293E3DAE005A33A6 /* HelloDemo */ = {
			isa = PBXNativeTarget;
			buildConfigurationList = A6E6BD13293E3DAF005A33A6 /* Build configuration list for PBXNativeTarget "HelloDemo" */;
			buildPhases = (
				A6E6BD01293E3DAE005A33A6 /* Sources */,
				A6E6BD02293E3DAE005A33A6 /* Frameworks */,
				A6E6BD03293E3DAE005A33A6 /* Resources */,
			);
			buildRules = (
			);
			dependencies = (
			);
			name = HelloDemo;
			packageProductDependencies = (
				A6E6BD19293E3E40005A33A6 /* FirebaseAuth */,
				A6E6BD1B293E3E40005A33A6 /* FirebaseDatabase */,
				A6E6BD1D293E3E40005A33A6 /* FirebaseDatabaseSwift */,
				A6E6BD1F293E3E40005A33A6 /* FirebaseFirestore */,
			);
			productName = HelloDemo;
			productReference = A6E6BD05293E3DAE005A33A6 /* HelloDemo.app */;
			productType = "com.apple.product-type.application";
		};
/* End PBXNativeTarget section */

/* Begin PBXProject section */
		A6E6BCFD293E3DAE005A33A6 /* Project object */ = {
			isa = PBXProject;
			attributes = {
				BuildIndependentTargetsInParallel = 1;
				LastSwiftUpdateCheck = 1410;
				LastUpgradeCheck = 1410;
				TargetAttributes = {
					A6E6BD04293E3DAE005A33A6 = {
						CreatedOnToolsVersion = 14.1;
					};
				};
			};
			buildConfigurationList = A6E6BD00293E3DAE005A33A6 /* Build configuration list for PBXProject "HelloDemo" */;
			compatibilityVersion = "Xcode 14.0";
			developmentRegion = en;
			hasScannedForEncodings = 0;
			knownRegions = (
				en,
				Base,
			);
			mainGroup = A6E6BCFC293E3DAE005A33A6;
			packageReferences = (
				A6E6BD18293E3E40005A33A6 /* XCRemoteSwiftPackageReference "firebase-ios-sdk" */,
			);
			productRefGroup = A6E6BD06293E3DAE005A33A6 /* Products */;
			projectDirPath = "";
			projectRoot = "";
			targets = (
				A6E6BD04293E3DAE005A33A6 /* HelloDemo */,
			);
		};
/* End PBXProject section */

/* Begin PBXResourcesBuildPhase section */
		A6E6BD03293E3DAE005A33A6 /* Resources */ = {
			isa = PBXResourcesBuildPhase;
			buildActionMask = 2147483647;
			files = (
				A6E6BD10293E3DAF005A33A6 /* Preview Assets.xcassets in Resources */,
				A6E6BD0D293E3DAF005A33A6 /* Assets.xcassets in Resources */,
				A6E6BD26293E49C3005A33A6 /* GoogleService-Info.plist in Resources */,
			);
			runOnlyForDeploymentPostprocessing = 0;
		};
/* End PBXResourcesBuildPhase section */

/* Begin PBXSourcesBuildPhase section */
		A6E6BD01293E3DAE005A33A6 /* Sources */ = {
			isa = PBXSourcesBuildPhase;
			buildActionMask = 2147483647;
			files = (
				A694B5982940FEC900BE4352 /* PostitAddingView.swift in Sources */,
				A694B5962940E77100BE4352 /* Postit.swift in Sources */,
				A694B59C2941175E00BE4352 /* AuthStore.swift in Sources */,
				A694B59A294116AA00BE4352 /* AuthView.swift in Sources */,
				A694B5942940E76100BE4352 /* PostitStore.swift in Sources */,
				A6E6BD0B293E3DAE005A33A6 /* ContentView.swift in Sources */,
				A6E6BD09293E3DAE005A33A6 /* HelloDemoApp.swift in Sources */,
			);
			runOnlyForDeploymentPostprocessing = 0;
		};
/* End PBXSourcesBuildPhase section */

/* Begin XCBuildConfiguration section */
		A6E6BD11293E3DAF005A33A6 /* Debug */ = {
			isa = XCBuildConfiguration;
			buildSettings = {
				ALWAYS_SEARCH_USER_PATHS = NO;
				CLANG_ANALYZER_NONNULL = YES;
				CLANG_ANALYZER_NUMBER_OBJECT_CONVERSION = YES_AGGRESSIVE;
				CLANG_CXX_LANGUAGE_STANDARD = "gnu++20";
				CLANG_ENABLE_MODULES = YES;
				CLANG_ENABLE_OBJC_ARC = YES;
				CLANG_ENABLE_OBJC_WEAK = YES;
				CLANG_WARN_BLOCK_CAPTURE_AUTORELEASING = YES;
				CLANG_WARN_BOOL_CONVERSION = YES;
				CLANG_WARN_COMMA = YES;
				CLANG_WARN_CONSTANT_CONVERSION = YES;
				CLANG_WARN_DEPRECATED_OBJC_IMPLEMENTATIONS = YES;
				CLANG_WARN_DIRECT_OBJC_ISA_USAGE = YES_ERROR;
				CLANG_WARN_DOCUMENTATION_COMMENTS = YES;
				CLANG_WARN_EMPTY_BODY = YES;
				CLANG_WARN_ENUM_CONVERSION = YES;
				CLANG_WARN_INFINITE_RECURSION = YES;
				CLANG_WARN_INT_CONVERSION = YES;
				CLANG_WARN_NON_LITERAL_NULL_CONVERSION = YES;
				CLANG_WARN_OBJC_IMPLICIT_RETAIN_SELF = YES;
				CLANG_WARN_OBJC_LITERAL_CONVERSION = YES;
				CLANG_WARN_OBJC_ROOT_CLASS = YES_ERROR;
				CLANG_WARN_QUOTED_INCLUDE_IN_FRAMEWORK_HEADER = YES;
				CLANG_WARN_RANGE_LOOP_ANALYSIS = YES;
				CLANG_WARN_STRICT_PROTOTYPES = YES;
				CLANG_WARN_SUSPICIOUS_MOVE = YES;
				CLANG_WARN_UNGUARDED_AVAILABILITY = YES_AGGRESSIVE;
				CLANG_WARN_UNREACHABLE_CODE = YES;
				CLANG_WARN__DUPLICATE_METHOD_MATCH = YES;
				COPY_PHASE_STRIP = NO;
				DEBUG_INFORMATION_FORMAT = dwarf;
				ENABLE_STRICT_OBJC_MSGSEND = YES;
				ENABLE_TESTABILITY = YES;
				GCC_C_LANGUAGE_STANDARD = gnu11;
				GCC_DYNAMIC_NO_PIC = NO;
				GCC_NO_COMMON_BLOCKS = YES;
				GCC_OPTIMIZATION_LEVEL = 0;
				GCC_PREPROCESSOR_DEFINITIONS = (
					"DEBUG=1",
					"$(inherited)",
				);
				GCC_WARN_64_TO_32_BIT_CONVERSION = YES;
				GCC_WARN_ABOUT_RETURN_TYPE = YES_ERROR;
				GCC_WARN_UNDECLARED_SELECTOR = YES;
				GCC_WARN_UNINITIALIZED_AUTOS = YES_AGGRESSIVE;
				GCC_WARN_UNUSED_FUNCTION = YES;
				GCC_WARN_UNUSED_VARIABLE = YES;
				IPHONEOS_DEPLOYMENT_TARGET = 16.1;
				MTL_ENABLE_DEBUG_INFO = INCLUDE_SOURCE;
				MTL_FAST_MATH = YES;
				ONLY_ACTIVE_ARCH = YES;
				SDKROOT = iphoneos;
				SWIFT_ACTIVE_COMPILATION_CONDITIONS = DEBUG;
				SWIFT_OPTIMIZATION_LEVEL = "-Onone";
			};
			name = Debug;
		};
		A6E6BD12293E3DAF005A33A6 /* Release */ = {
			isa = XCBuildConfiguration;
			buildSettings = {
				ALWAYS_SEARCH_USER_PATHS = NO;
				CLANG_ANALYZER_NONNULL = YES;
				CLANG_ANALYZER_NUMBER_OBJECT_CONVERSION = YES_AGGRESSIVE;
				CLANG_CXX_LANGUAGE_STANDARD = "gnu++20";
				CLANG_ENABLE_MODULES = YES;
				CLANG_ENABLE_OBJC_ARC = YES;
				CLANG_ENABLE_OBJC_WEAK = YES;
				CLANG_WARN_BLOCK_CAPTURE_AUTORELEASING = YES;
				CLANG_WARN_BOOL_CONVERSION = YES;
				CLANG_WARN_COMMA = YES;
				CLANG_WARN_CONSTANT_CONVERSION = YES;
				CLANG_WARN_DEPRECATED_OBJC_IMPLEMENTATIONS = YES;
				CLANG_WARN_DIRECT_OBJC_ISA_USAGE = YES_ERROR;
				CLANG_WARN_DOCUMENTATION_COMMENTS = YES;
				CLANG_WARN_EMPTY_BODY = YES;
				CLANG_WARN_ENUM_CONVERSION = YES;
				CLANG_WARN_INFINITE_RECURSION = YES;
				CLANG_WARN_INT_CONVERSION = YES;
				CLANG_WARN_NON_LITERAL_NULL_CONVERSION = YES;
				CLANG_WARN_OBJC_IMPLICIT_RETAIN_SELF = YES;
				CLANG_WARN_OBJC_LITERAL_CONVERSION = YES;
				CLANG_WARN_OBJC_ROOT_CLASS = YES_ERROR;
				CLANG_WARN_QUOTED_INCLUDE_IN_FRAMEWORK_HEADER = YES;
				CLANG_WARN_RANGE_LOOP_ANALYSIS = YES;
				CLANG_WARN_STRICT_PROTOTYPES = YES;
				CLANG_WARN_SUSPICIOUS_MOVE = YES;
				CLANG_WARN_UNGUARDED_AVAILABILITY = YES_AGGRESSIVE;
				CLANG_WARN_UNREACHABLE_CODE = YES;
				CLANG_WARN__DUPLICATE_METHOD_MATCH = YES;
				COPY_PHASE_STRIP = NO;
				DEBUG_INFORMATION_FORMAT = "dwarf-with-dsym";
				ENABLE_NS_ASSERTIONS = NO;
				ENABLE_STRICT_OBJC_MSGSEND = YES;
				GCC_C_LANGUAGE_STANDARD = gnu11;
				GCC_NO_COMMON_BLOCKS = YES;
				GCC_WARN_64_TO_32_BIT_CONVERSION = YES;
				GCC_WARN_ABOUT_RETURN_TYPE = YES_ERROR;
				GCC_WARN_UNDECLARED_SELECTOR = YES;
				GCC_WARN_UNINITIALIZED_AUTOS = YES_AGGRESSIVE;
				GCC_WARN_UNUSED_FUNCTION = YES;
				GCC_WARN_UNUSED_VARIABLE = YES;
				IPHONEOS_DEPLOYMENT_TARGET = 16.1;
				MTL_ENABLE_DEBUG_INFO = NO;
				MTL_FAST_MATH = YES;
				SDKROOT = iphoneos;
				SWIFT_COMPILATION_MODE = wholemodule;
				SWIFT_OPTIMIZATION_LEVEL = "-O";
				VALIDATE_PRODUCT = YES;
			};
			name = Release;
		};
		A6E6BD14293E3DAF005A33A6 /* Debug */ = {
			isa = XCBuildConfiguration;
			buildSettings = {
				ASSETCATALOG_COMPILER_APPICON_NAME = AppIcon;
				ASSETCATALOG_COMPILER_GLOBAL_ACCENT_COLOR_NAME = AccentColor;
				CODE_SIGN_STYLE = Automatic;
				CURRENT_PROJECT_VERSION = 1;
				DEVELOPMENT_ASSET_PATHS = "\"HelloDemo/Preview Content\"";
				DEVELOPMENT_TEAM = 6R3M7VGRP2;
				ENABLE_PREVIEWS = YES;
				GENERATE_INFOPLIST_FILE = YES;
				INFOPLIST_KEY_UIApplicationSceneManifest_Generation = YES;
				INFOPLIST_KEY_UIApplicationSupportsIndirectInputEvents = YES;
				INFOPLIST_KEY_UILaunchScreen_Generation = YES;
				INFOPLIST_KEY_UISupportedInterfaceOrientations_iPad = "UIInterfaceOrientationPortrait UIInterfaceOrientationPortraitUpsideDown UIInterfaceOrientationLandscapeLeft UIInterfaceOrientationLandscapeRight";
				INFOPLIST_KEY_UISupportedInterfaceOrientations_iPhone = "UIInterfaceOrientationPortrait UIInterfaceOrientationLandscapeLeft UIInterfaceOrientationLandscapeRight";
				LD_RUNPATH_SEARCH_PATHS = (
					"$(inherited)",
					"@executable_path/Frameworks",
				);
				MARKETING_VERSION = 1.0;
				PRODUCT_BUNDLE_IDENTIFIER = com.likelion.HelloDemo;
				PRODUCT_NAME = "$(TARGET_NAME)";
				SWIFT_EMIT_LOC_STRINGS = YES;
				SWIFT_VERSION = 5.0;
				TARGETED_DEVICE_FAMILY = "1,2";
			};
			name = Debug;
		};
		A6E6BD15293E3DAF005A33A6 /* Release */ = {
			isa = XCBuildConfiguration;
			buildSettings = {
				ASSETCATALOG_COMPILER_APPICON_NAME = AppIcon;
				ASSETCATALOG_COMPILER_GLOBAL_ACCENT_COLOR_NAME = AccentColor;
				CODE_SIGN_STYLE = Automatic;
				CURRENT_PROJECT_VERSION = 1;
				DEVELOPMENT_ASSET_PATHS = "\"HelloDemo/Preview Content\"";
				DEVELOPMENT_TEAM = 6R3M7VGRP2;
				ENABLE_PREVIEWS = YES;
				GENERATE_INFOPLIST_FILE = YES;
				INFOPLIST_KEY_UIApplicationSceneManifest_Generation = YES;
				INFOPLIST_KEY_UIApplicationSupportsIndirectInputEvents = YES;
				INFOPLIST_KEY_UILaunchScreen_Generation = YES;
				INFOPLIST_KEY_UISupportedInterfaceOrientations_iPad = "UIInterfaceOrientationPortrait UIInterfaceOrientationPortraitUpsideDown UIInterfaceOrientationLandscapeLeft UIInterfaceOrientationLandscapeRight";
				INFOPLIST_KEY_UISupportedInterfaceOrientations_iPhone = "UIInterfaceOrientationPortrait UIInterfaceOrientationLandscapeLeft UIInterfaceOrientationLandscapeRight";
				LD_RUNPATH_SEARCH_PATHS = (
					"$(inherited)",
					"@executable_path/Frameworks",
				);
				MARKETING_VERSION = 1.0;
				PRODUCT_BUNDLE_IDENTIFIER = com.likelion.HelloDemo;
				PRODUCT_NAME = "$(TARGET_NAME)";
				SWIFT_EMIT_LOC_STRINGS = YES;
				SWIFT_VERSION = 5.0;
				TARGETED_DEVICE_FAMILY = "1,2";
			};
			name = Release;
		};
/* End XCBuildConfiguration section */

/* Begin XCConfigurationList section */
		A6E6BD00293E3DAE005A33A6 /* Build configuration list for PBXProject "HelloDemo" */ = {
			isa = XCConfigurationList;
			buildConfigurations = (
				A6E6BD11293E3DAF005A33A6 /* Debug */,
				A6E6BD12293E3DAF005A33A6 /* Release */,
			);
			defaultConfigurationIsVisible = 0;
			defaultConfigurationName = Release;
		};
		A6E6BD13293E3DAF005A33A6 /* Build configuration list for PBXNativeTarget "HelloDemo" */ = {
			isa = XCConfigurationList;
			buildConfigurations = (
				A6E6BD14293E3DAF005A33A6 /* Debug */,
				A6E6BD15293E3DAF005A33A6 /* Release */,
			);
			defaultConfigurationIsVisible = 0;
			defaultConfigurationName = Release;
		};
/* End XCConfigurationList section */

/* Begin XCRemoteSwiftPackageReference section */
		A6E6BD18293E3E40005A33A6 /* XCRemoteSwiftPackageReference "firebase-ios-sdk" */ = {
			isa = XCRemoteSwiftPackageReference;
			repositoryURL = "https://github.com/firebase/firebase-ios-sdk";
			requirement = {
				branch = master;
				kind = branch;
			};
		};
/* End XCRemoteSwiftPackageReference section */

/* Begin XCSwiftPackageProductDependency section */
		A6E6BD19293E3E40005A33A6 /* FirebaseAuth */ = {
			isa = XCSwiftPackageProductDependency;
			package = A6E6BD18293E3E40005A33A6 /* XCRemoteSwiftPackageReference "firebase-ios-sdk" */;
			productName = FirebaseAuth;
		};
		A6E6BD1B293E3E40005A33A6 /* FirebaseDatabase */ = {
			isa = XCSwiftPackageProductDependency;
			package = A6E6BD18293E3E40005A33A6 /* XCRemoteSwiftPackageReference "firebase-ios-sdk" */;
			productName = FirebaseDatabase;
		};
		A6E6BD1D293E3E40005A33A6 /* FirebaseDatabaseSwift */ = {
			isa = XCSwiftPackageProductDependency;
			package = A6E6BD18293E3E40005A33A6 /* XCRemoteSwiftPackageReference "firebase-ios-sdk" */;
			productName = FirebaseDatabaseSwift;
		};
		A6E6BD1F293E3E40005A33A6 /* FirebaseFirestore */ = {
			isa = XCSwiftPackageProductDependency;
			package = A6E6BD18293E3E40005A33A6 /* XCRemoteSwiftPackageReference "firebase-ios-sdk" */;
			productName = FirebaseFirestore;
		};
/* End XCSwiftPackageProductDependency section */
	};
	rootObject = A6E6BCFD293E3DAE005A33A6 /* Project object */;
}
