// !$*UTF8*$!
{
	archiveVersion = 1;
	classes = {
	};
	objectVersion = 56;
	objects = {

/* Begin PBXBuildFile section */
		A6743F2A2946E3E600ED5158 /* FirebaseFirestore in Frameworks */ = {isa = PBXBuildFile; productRef = A6743F292946E3E600ED5158 /* FirebaseFirestore */; };
		A6743F2C2946E3E600ED5158 /* FirebaseFirestoreSwift in Frameworks */ = {isa = PBXBuildFile; productRef = A6743F2B2946E3E600ED5158 /* FirebaseFirestoreSwift */; };
		A694B5AA2941638600BE4352 /* HelloDemoApp.swift in Sources */ = {isa = PBXBuildFile; fileRef = A694B5A92941638600BE4352 /* HelloDemoApp.swift */; };
		A694B5AC2941638600BE4352 /* ContentView.swift in Sources */ = {isa = PBXBuildFile; fileRef = A694B5AB2941638600BE4352 /* ContentView.swift */; };
		A694B5AE2941638800BE4352 /* Assets.xcassets in Resources */ = {isa = PBXBuildFile; fileRef = A694B5AD2941638800BE4352 /* Assets.xcassets */; };
		A694B5B12941638800BE4352 /* Preview Assets.xcassets in Resources */ = {isa = PBXBuildFile; fileRef = A694B5B02941638800BE4352 /* Preview Assets.xcassets */; };
		A694B5B8294163C400BE4352 /* GoogleService-Info.plist in Resources */ = {isa = PBXBuildFile; fileRef = A694B5B7294163C400BE4352 /* GoogleService-Info.plist */; };
		A694B5BB2941640800BE4352 /* FirebaseAuth in Frameworks */ = {isa = PBXBuildFile; productRef = A694B5BA2941640800BE4352 /* FirebaseAuth */; };
		A694B5BD2941640800BE4352 /* FirebaseDatabase in Frameworks */ = {isa = PBXBuildFile; productRef = A694B5BC2941640800BE4352 /* FirebaseDatabase */; };
		A694B5BF2941640800BE4352 /* FirebaseDatabaseSwift in Frameworks */ = {isa = PBXBuildFile; productRef = A694B5BE2941640800BE4352 /* FirebaseDatabaseSwift */; };
		A694B5C2294164C900BE4352 /* Postit.swift in Sources */ = {isa = PBXBuildFile; fileRef = A694B5C1294164C900BE4352 /* Postit.swift */; };
		A694B5C42941675F00BE4352 /* PostitStore.swift in Sources */ = {isa = PBXBuildFile; fileRef = A694B5C32941675F00BE4352 /* PostitStore.swift */; };
		A694B5C729419CF000BE4352 /* AddingView.swift in Sources */ = {isa = PBXBuildFile; fileRef = A694B5C629419CF000BE4352 /* AddingView.swift */; };
/* End PBXBuildFile section */

/* Begin PBXFileReference section */
		A694B5A62941638600BE4352 /* HelloDemo.app */ = {isa = PBXFileReference; explicitFileType = wrapper.application; includeInIndex = 0; path = HelloDemo.app; sourceTree = BUILT_PRODUCTS_DIR; };
		A694B5A92941638600BE4352 /* HelloDemoApp.swift */ = {isa = PBXFileReference; lastKnownFileType = sourcecode.swift; path = HelloDemoApp.swift; sourceTree = "<group>"; };
		A694B5AB2941638600BE4352 /* ContentView.swift */ = {isa = PBXFileReference; lastKnownFileType = sourcecode.swift; path = ContentView.swift; sourceTree = "<group>"; };
		A694B5AD2941638800BE4352 /* Assets.xcassets */ = {isa = PBXFileReference; lastKnownFileType = folder.assetcatalog; path = Assets.xcassets; sourceTree = "<group>"; };
		A694B5B02941638800BE4352 /* Preview Assets.xcassets */ = {isa = PBXFileReference; lastKnownFileType = folder.assetcatalog; path = "Preview Assets.xcassets"; sourceTree = "<group>"; };
		A694B5B7294163C400BE4352 /* GoogleService-Info.plist */ = {isa = PBXFileReference; fileEncoding = 4; lastKnownFileType = text.plist.xml; path = "GoogleService-Info.plist"; sourceTree = "<group>"; };
		A694B5C1294164C900BE4352 /* Postit.swift */ = {isa = PBXFileReference; lastKnownFileType = sourcecode.swift; path = Postit.swift; sourceTree = "<group>"; };
		A694B5C32941675F00BE4352 /* PostitStore.swift */ = {isa = PBXFileReference; lastKnownFileType = sourcecode.swift; path = PostitStore.swift; sourceTree = "<group>"; };
		A694B5C629419CF000BE4352 /* AddingView.swift */ = {isa = PBXFileReference; lastKnownFileType = sourcecode.swift; path = AddingView.swift; sourceTree = "<group>"; };
/* End PBXFileReference section */

/* Begin PBXFrameworksBuildPhase section */
		A694B5A32941638600BE4352 /* Frameworks */ = {
			isa = PBXFrameworksBuildPhase;
			buildActionMask = 2147483647;
			files = (
				A6743F2C2946E3E600ED5158 /* FirebaseFirestoreSwift in Frameworks */,
				A694B5BF2941640800BE4352 /* FirebaseDatabaseSwift in Frameworks */,
				A6743F2A2946E3E600ED5158 /* FirebaseFirestore in Frameworks */,
				A694B5BD2941640800BE4352 /* FirebaseDatabase in Frameworks */,
				A694B5BB2941640800BE4352 /* FirebaseAuth in Frameworks */,
			);
			runOnlyForDeploymentPostprocessing = 0;
		};
/* End PBXFrameworksBuildPhase section */

/* Begin PBXGroup section */
		A6743F282946E3E600ED5158 /* Frameworks */ = {
			isa = PBXGroup;
			children = (
			);
			name = Frameworks;
			sourceTree = "<group>";
		};
		A694B59D2941638600BE4352 = {
			isa = PBXGroup;
			children = (
				A694B5A82941638600BE4352 /* HelloDemo */,
				A694B5A72941638600BE4352 /* Products */,
				A6743F282946E3E600ED5158 /* Frameworks */,
			);
			sourceTree = "<group>";
		};
		A694B5A72941638600BE4352 /* Products */ = {
			isa = PBXGroup;
			children = (
				A694B5A62941638600BE4352 /* HelloDemo.app */,
			);
			name = Products;
			sourceTree = "<group>";
		};
		A694B5A82941638600BE4352 /* HelloDemo */ = {
			isa = PBXGroup;
			children = (
				A694B5A92941638600BE4352 /* HelloDemoApp.swift */,
				A694B5C529419CDA00BE4352 /* Views */,
				A694B5C0294164B300BE4352 /* Models */,
				A694B5B7294163C400BE4352 /* GoogleService-Info.plist */,
				A694B5AD2941638800BE4352 /* Assets.xcassets */,
				A694B5AF2941638800BE4352 /* Preview Content */,
			);
			path = HelloDemo;
			sourceTree = "<group>";
		};
		A694B5AF2941638800BE4352 /* Preview Content */ = {
			isa = PBXGroup;
			children = (
				A694B5B02941638800BE4352 /* Preview Assets.xcassets */,
			);
			path = "Preview Content";
			sourceTree = "<group>";
		};
		A694B5C0294164B300BE4352 /* Models */ = {
			isa = PBXGroup;
			children = (
				A694B5C1294164C900BE4352 /* Postit.swift */,
				A694B5C32941675F00BE4352 /* PostitStore.swift */,
			);
			path = Models;
			sourceTree = "<group>";
		};
		A694B5C529419CDA00BE4352 /* Views */ = {
			isa = PBXGroup;
			children = (
				A694B5AB2941638600BE4352 /* ContentView.swift */,
				A694B5C629419CF000BE4352 /* AddingView.swift */,
			);
			path = Views;
			sourceTree = "<group>";
		};
/* End PBXGroup section */

/* Begin PBXNativeTarget section */
		A694B5A52941638600BE4352 /* HelloDemo */ = {
			isa = PBXNativeTarget;
			buildConfigurationList = A694B5B42941638800BE4352 /* Build configuration list for PBXNativeTarget "HelloDemo" */;
			buildPhases = (
				A694B5A22941638600BE4352 /* Sources */,
				A694B5A32941638600BE4352 /* Frameworks */,
				A694B5A42941638600BE4352 /* Resources */,
			);
			buildRules = (
			);
			dependencies = (
			);
			name = HelloDemo;
			packageProductDependencies = (
				A694B5BA2941640800BE4352 /* FirebaseAuth */,
				A694B5BC2941640800BE4352 /* FirebaseDatabase */,
				A694B5BE2941640800BE4352 /* FirebaseDatabaseSwift */,
				A6743F292946E3E600ED5158 /* FirebaseFirestore */,
				A6743F2B2946E3E600ED5158 /* FirebaseFirestoreSwift */,
			);
			productName = HelloDemo;
			productReference = A694B5A62941638600BE4352 /* HelloDemo.app */;
			productType = "com.apple.product-type.application";
		};
/* End PBXNativeTarget section */

/* Begin PBXProject section */
		A694B59E2941638600BE4352 /* Project object */ = {
			isa = PBXProject;
			attributes = {
				BuildIndependentTargetsInParallel = 1;
				LastSwiftUpdateCheck = 1410;
				LastUpgradeCheck = 1410;
				TargetAttributes = {
					A694B5A52941638600BE4352 = {
						CreatedOnToolsVersion = 14.1;
					};
				};
			};
			buildConfigurationList = A694B5A12941638600BE4352 /* Build configuration list for PBXProject "HelloDemo" */;
			compatibilityVersion = "Xcode 14.0";
			developmentRegion = en;
			hasScannedForEncodings = 0;
			knownRegions = (
				en,
				Base,
			);
			mainGroup = A694B59D2941638600BE4352;
			packageReferences = (
				A694B5B92941640800BE4352 /* XCRemoteSwiftPackageReference "firebase-ios-sdk" */,
			);
			productRefGroup = A694B5A72941638600BE4352 /* Products */;
			projectDirPath = "";
			projectRoot = "";
			targets = (
				A694B5A52941638600BE4352 /* HelloDemo */,
			);
		};
/* End PBXProject section */

/* Begin PBXResourcesBuildPhase section */
		A694B5A42941638600BE4352 /* Resources */ = {
			isa = PBXResourcesBuildPhase;
			buildActionMask = 2147483647;
			files = (
				A694B5B12941638800BE4352 /* Preview Assets.xcassets in Resources */,
				A694B5AE2941638800BE4352 /* Assets.xcassets in Resources */,
				A694B5B8294163C400BE4352 /* GoogleService-Info.plist in Resources */,
			);
			runOnlyForDeploymentPostprocessing = 0;
		};
/* End PBXResourcesBuildPhase section */

/* Begin PBXSourcesBuildPhase section */
		A694B5A22941638600BE4352 /* Sources */ = {
			isa = PBXSourcesBuildPhase;
			buildActionMask = 2147483647;
			files = (
				A694B5C42941675F00BE4352 /* PostitStore.swift in Sources */,
				A694B5AC2941638600BE4352 /* ContentView.swift in Sources */,
				A694B5C2294164C900BE4352 /* Postit.swift in Sources */,
				A694B5C729419CF000BE4352 /* AddingView.swift in Sources */,
				A694B5AA2941638600BE4352 /* HelloDemoApp.swift in Sources */,
			);
			runOnlyForDeploymentPostprocessing = 0;
		};
/* End PBXSourcesBuildPhase section */

/* Begin XCBuildConfiguration section */
		A694B5B22941638800BE4352 /* Debug */ = {
			isa = XCBuildConfiguration;
			buildSettings = {
				ALWAYS_SEARCH_USER_PATHS = NO;
				CLANG_ANALYZER_NONNULL = YES;
				CLANG_ANALYZER_NUMBER_OBJECT_CONVERSION = YES_AGGRESSIVE;
				CLANG_CXX_LANGUAGE_STANDARD = "gnu++20";
				CLANG_ENABLE_MODULES = YES;
				CLANG_ENABLE_OBJC_ARC = YES;
				CLANG_ENABLE_OBJC_WEAK = YES;
				CLANG_WARN_BLOCK_CAPTURE_AUTORELEASING = YES;
				CLANG_WARN_BOOL_CONVERSION = YES;
				CLANG_WARN_COMMA = YES;
				CLANG_WARN_CONSTANT_CONVERSION = YES;
				CLANG_WARN_DEPRECATED_OBJC_IMPLEMENTATIONS = YES;
				CLANG_WARN_DIRECT_OBJC_ISA_USAGE = YES_ERROR;
				CLANG_WARN_DOCUMENTATION_COMMENTS = YES;
				CLANG_WARN_EMPTY_BODY = YES;
				CLANG_WARN_ENUM_CONVERSION = YES;
				CLANG_WARN_INFINITE_RECURSION = YES;
				CLANG_WARN_INT_CONVERSION = YES;
				CLANG_WARN_NON_LITERAL_NULL_CONVERSION = YES;
				CLANG_WARN_OBJC_IMPLICIT_RETAIN_SELF = YES;
				CLANG_WARN_OBJC_LITERAL_CONVERSION = YES;
				CLANG_WARN_OBJC_ROOT_CLASS = YES_ERROR;
				CLANG_WARN_QUOTED_INCLUDE_IN_FRAMEWORK_HEADER = YES;
				CLANG_WARN_RANGE_LOOP_ANALYSIS = YES;
				CLANG_WARN_STRICT_PROTOTYPES = YES;
				CLANG_WARN_SUSPICIOUS_MOVE = YES;
				CLANG_WARN_UNGUARDED_AVAILABILITY = YES_AGGRESSIVE;
				CLANG_WARN_UNREACHABLE_CODE = YES;
				CLANG_WARN__DUPLICATE_METHOD_MATCH = YES;
				COPY_PHASE_STRIP = NO;
				DEBUG_INFORMATION_FORMAT = dwarf;
				ENABLE_STRICT_OBJC_MSGSEND = YES;
				ENABLE_TESTABILITY = YES;
				GCC_C_LANGUAGE_STANDARD = gnu11;
				GCC_DYNAMIC_NO_PIC = NO;
				GCC_NO_COMMON_BLOCKS = YES;
				GCC_OPTIMIZATION_LEVEL = 0;
				GCC_PREPROCESSOR_DEFINITIONS = (
					"DEBUG=1",
					"$(inherited)",
				);
				GCC_WARN_64_TO_32_BIT_CONVERSION = YES;
				GCC_WARN_ABOUT_RETURN_TYPE = YES_ERROR;
				GCC_WARN_UNDECLARED_SELECTOR = YES;
				GCC_WARN_UNINITIALIZED_AUTOS = YES_AGGRESSIVE;
				GCC_WARN_UNUSED_FUNCTION = YES;
				GCC_WARN_UNUSED_VARIABLE = YES;
				IPHONEOS_DEPLOYMENT_TARGET = 16.1;
				MTL_ENABLE_DEBUG_INFO = INCLUDE_SOURCE;
				MTL_FAST_MATH = YES;
				ONLY_ACTIVE_ARCH = YES;
				SDKROOT = iphoneos;
				SWIFT_ACTIVE_COMPILATION_CONDITIONS = DEBUG;
				SWIFT_OPTIMIZATION_LEVEL = "-Onone";
			};
			name = Debug;
		};
		A694B5B32941638800BE4352 /* Release */ = {
			isa = XCBuildConfiguration;
			buildSettings = {
				ALWAYS_SEARCH_USER_PATHS = NO;
				CLANG_ANALYZER_NONNULL = YES;
				CLANG_ANALYZER_NUMBER_OBJECT_CONVERSION = YES_AGGRESSIVE;
				CLANG_CXX_LANGUAGE_STANDARD = "gnu++20";
				CLANG_ENABLE_MODULES = YES;
				CLANG_ENABLE_OBJC_ARC = YES;
				CLANG_ENABLE_OBJC_WEAK = YES;
				CLANG_WARN_BLOCK_CAPTURE_AUTORELEASING = YES;
				CLANG_WARN_BOOL_CONVERSION = YES;
				CLANG_WARN_COMMA = YES;
				CLANG_WARN_CONSTANT_CONVERSION = YES;
				CLANG_WARN_DEPRECATED_OBJC_IMPLEMENTATIONS = YES;
				CLANG_WARN_DIRECT_OBJC_ISA_USAGE = YES_ERROR;
				CLANG_WARN_DOCUMENTATION_COMMENTS = YES;
				CLANG_WARN_EMPTY_BODY = YES;
				CLANG_WARN_ENUM_CONVERSION = YES;
				CLANG_WARN_INFINITE_RECURSION = YES;
				CLANG_WARN_INT_CONVERSION = YES;
				CLANG_WARN_NON_LITERAL_NULL_CONVERSION = YES;
				CLANG_WARN_OBJC_IMPLICIT_RETAIN_SELF = YES;
				CLANG_WARN_OBJC_LITERAL_CONVERSION = YES;
				CLANG_WARN_OBJC_ROOT_CLASS = YES_ERROR;
				CLANG_WARN_QUOTED_INCLUDE_IN_FRAMEWORK_HEADER = YES;
				CLANG_WARN_RANGE_LOOP_ANALYSIS = YES;
				CLANG_WARN_STRICT_PROTOTYPES = YES;
				CLANG_WARN_SUSPICIOUS_MOVE = YES;
				CLANG_WARN_UNGUARDED_AVAILABILITY = YES_AGGRESSIVE;
				CLANG_WARN_UNREACHABLE_CODE = YES;
				CLANG_WARN__DUPLICATE_METHOD_MATCH = YES;
				COPY_PHASE_STRIP = NO;
				DEBUG_INFORMATION_FORMAT = "dwarf-with-dsym";
				ENABLE_NS_ASSERTIONS = NO;
				ENABLE_STRICT_OBJC_MSGSEND = YES;
				GCC_C_LANGUAGE_STANDARD = gnu11;
				GCC_NO_COMMON_BLOCKS = YES;
				GCC_WARN_64_TO_32_BIT_CONVERSION = YES;
				GCC_WARN_ABOUT_RETURN_TYPE = YES_ERROR;
				GCC_WARN_UNDECLARED_SELECTOR = YES;
				GCC_WARN_UNINITIALIZED_AUTOS = YES_AGGRESSIVE;
				GCC_WARN_UNUSED_FUNCTION = YES;
				GCC_WARN_UNUSED_VARIABLE = YES;
				IPHONEOS_DEPLOYMENT_TARGET = 16.1;
				MTL_ENABLE_DEBUG_INFO = NO;
				MTL_FAST_MATH = YES;
				SDKROOT = iphoneos;
				SWIFT_COMPILATION_MODE = wholemodule;
				SWIFT_OPTIMIZATION_LEVEL = "-O";
				VALIDATE_PRODUCT = YES;
			};
			name = Release;
		};
		A694B5B52941638800BE4352 /* Debug */ = {
			isa = XCBuildConfiguration;
			buildSettings = {
				ASSETCATALOG_COMPILER_APPICON_NAME = AppIcon;
				ASSETCATALOG_COMPILER_GLOBAL_ACCENT_COLOR_NAME = AccentColor;
				CODE_SIGN_STYLE = Automatic;
				CURRENT_PROJECT_VERSION = 1;
				DEVELOPMENT_ASSET_PATHS = "\"HelloDemo/Preview Content\"";
				DEVELOPMENT_TEAM = 6R3M7VGRP2;
				ENABLE_PREVIEWS = YES;
				GENERATE_INFOPLIST_FILE = YES;
				INFOPLIST_KEY_UIApplicationSceneManifest_Generation = YES;
				INFOPLIST_KEY_UIApplicationSupportsIndirectInputEvents = YES;
				INFOPLIST_KEY_UILaunchScreen_Generation = YES;
				INFOPLIST_KEY_UISupportedInterfaceOrientations_iPad = "UIInterfaceOrientationPortrait UIInterfaceOrientationPortraitUpsideDown UIInterfaceOrientationLandscapeLeft UIInterfaceOrientationLandscapeRight";
				INFOPLIST_KEY_UISupportedInterfaceOrientations_iPhone = "UIInterfaceOrientationPortrait UIInterfaceOrientationLandscapeLeft UIInterfaceOrientationLandscapeRight";
				LD_RUNPATH_SEARCH_PATHS = (
					"$(inherited)",
					"@executable_path/Frameworks",
				);
				MARKETING_VERSION = 1.0;
				PRODUCT_BUNDLE_IDENTIFIER = com.likelion.HelloDemo;
				PRODUCT_NAME = "$(TARGET_NAME)";
				SWIFT_EMIT_LOC_STRINGS = YES;
				SWIFT_VERSION = 5.0;
				TARGETED_DEVICE_FAMILY = "1,2";
			};
			name = Debug;
		};
		A694B5B62941638800BE4352 /* Release */ = {
			isa = XCBuildConfiguration;
			buildSettings = {
				ASSETCATALOG_COMPILER_APPICON_NAME = AppIcon;
				ASSETCATALOG_COMPILER_GLOBAL_ACCENT_COLOR_NAME = AccentColor;
				CODE_SIGN_STYLE = Automatic;
				CURRENT_PROJECT_VERSION = 1;
				DEVELOPMENT_ASSET_PATHS = "\"HelloDemo/Preview Content\"";
				DEVELOPMENT_TEAM = 6R3M7VGRP2;
				ENABLE_PREVIEWS = YES;
				GENERATE_INFOPLIST_FILE = YES;
				INFOPLIST_KEY_UIApplicationSceneManifest_Generation = YES;
				INFOPLIST_KEY_UIApplicationSupportsIndirectInputEvents = YES;
				INFOPLIST_KEY_UILaunchScreen_Generation = YES;
				INFOPLIST_KEY_UISupportedInterfaceOrientations_iPad = "UIInterfaceOrientationPortrait UIInterfaceOrientationPortraitUpsideDown UIInterfaceOrientationLandscapeLeft UIInterfaceOrientationLandscapeRight";
				INFOPLIST_KEY_UISupportedInterfaceOrientations_iPhone = "UIInterfaceOrientationPortrait UIInterfaceOrientationLandscapeLeft UIInterfaceOrientationLandscapeRight";
				LD_RUNPATH_SEARCH_PATHS = (
					"$(inherited)",
					"@executable_path/Frameworks",
				);
				MARKETING_VERSION = 1.0;
				PRODUCT_BUNDLE_IDENTIFIER = com.likelion.HelloDemo;
				PRODUCT_NAME = "$(TARGET_NAME)";
				SWIFT_EMIT_LOC_STRINGS = YES;
				SWIFT_VERSION = 5.0;
				TARGETED_DEVICE_FAMILY = "1,2";
			};
			name = Release;
		};
/* End XCBuildConfiguration section */

/* Begin XCConfigurationList section */
		A694B5A12941638600BE4352 /* Build configuration list for PBXProject "HelloDemo" */ = {
			isa = XCConfigurationList;
			buildConfigurations = (
				A694B5B22941638800BE4352 /* Debug */,
				A694B5B32941638800BE4352 /* Release */,
			);
			defaultConfigurationIsVisible = 0;
			defaultConfigurationName = Release;
		};
		A694B5B42941638800BE4352 /* Build configuration list for PBXNativeTarget "HelloDemo" */ = {
			isa = XCConfigurationList;
			buildConfigurations = (
				A694B5B52941638800BE4352 /* Debug */,
				A694B5B62941638800BE4352 /* Release */,
			);
			defaultConfigurationIsVisible = 0;
			defaultConfigurationName = Release;
		};
/* End XCConfigurationList section */

/* Begin XCRemoteSwiftPackageReference section */
		A694B5B92941640800BE4352 /* XCRemoteSwiftPackageReference "firebase-ios-sdk" */ = {
			isa = XCRemoteSwiftPackageReference;
			repositoryURL = "https://github.com/firebase/firebase-ios-sdk";
			requirement = {
				branch = master;
				kind = branch;
			};
		};
/* End XCRemoteSwiftPackageReference section */

/* Begin XCSwiftPackageProductDependency section */
		A6743F292946E3E600ED5158 /* FirebaseFirestore */ = {
			isa = XCSwiftPackageProductDependency;
			package = A694B5B92941640800BE4352 /* XCRemoteSwiftPackageReference "firebase-ios-sdk" */;
			productName = FirebaseFirestore;
		};
		A6743F2B2946E3E600ED5158 /* FirebaseFirestoreSwift */ = {
			isa = XCSwiftPackageProductDependency;
			package = A694B5B92941640800BE4352 /* XCRemoteSwiftPackageReference "firebase-ios-sdk" */;
			productName = FirebaseFirestoreSwift;
		};
		A694B5BA2941640800BE4352 /* FirebaseAuth */ = {
			isa = XCSwiftPackageProductDependency;
			package = A694B5B92941640800BE4352 /* XCRemoteSwiftPackageReference "firebase-ios-sdk" */;
			productName = FirebaseAuth;
		};
		A694B5BC2941640800BE4352 /* FirebaseDatabase */ = {
			isa = XCSwiftPackageProductDependency;
			package = A694B5B92941640800BE4352 /* XCRemoteSwiftPackageReference "firebase-ios-sdk" */;
			productName = FirebaseDatabase;
		};
		A694B5BE2941640800BE4352 /* FirebaseDatabaseSwift */ = {
			isa = XCSwiftPackageProductDependency;
			package = A694B5B92941640800BE4352 /* XCRemoteSwiftPackageReference "firebase-ios-sdk" */;
			productName = FirebaseDatabaseSwift;
		};
/* End XCSwiftPackageProductDependency section */
	};
	rootObject = A694B59E2941638600BE4352 /* Project object */;
}
